
Microsoft Visual Studio Solution File, Format Version 10.00
# Visual Studio 2008
Project("{2150E333-8FDC-42A3-9474-1A3956D46DE8}") = "AddIns", "AddIns", "{14A277EE-7DF1-4529-B639-7D1EF334C1C5}"
EndProject
Project("{2150E333-8FDC-42A3-9474-1A3956D46DE8}") = "Libraries", "Libraries", "{9421EDF4-9769-4BE9-B5A6-C87DE221D73C}"
EndProject
Project("{2150E333-8FDC-42A3-9474-1A3956D46DE8}") = "Main", "Main", "{5A3EBEBA-0560-41C1-966B-23F7D03A5486}"
EndProject
Project("{FAE04EC0-301F-11D3-BF4B-00C04F79EFBC}") = "ICSharpCode.Core.WinForms", "Source\Main\ICSharpCode.Core.WinForms\ICSharpCode.Core.WinForms.csproj", "{857CA1A3-FC88-4BE0-AB6A-D1EE772AB288}"
EndProject
Project("{FAE04EC0-301F-11D3-BF4B-00C04F79EFBC}") = "ICSharpCode.SharpDevelop.Sda", "Source\Main\ICSharpCode.SharpDevelop.Sda\ICSharpCode.SharpDevelop.Sda.csproj", "{80318B5F-A25D-45AB-8A95-EF31D2370A4C}"
EndProject
Project("{FAE04EC0-301F-11D3-BF4B-00C04F79EFBC}") = "ICSharpCode.SharpDevelop.BuildWorker", "Source\Main\ICSharpCode.SharpDevelop.BuildWorker\ICSharpCode.SharpDevelop.BuildWorker.csproj", "{C3CBC8E3-81D8-4C5B-9941-DCCD12D50B1F}"
EndProject
Project("{FAE04EC0-301F-11D3-BF4B-00C04F79EFBC}") = "ICSharpCode.StartUp", "Source\Main\ICSharpCode.StartUp\ICSharpCode.StartUp.csproj", "{1152B71B-3C05-4598-B20D-823B5D40559E}"
EndProject
Project("{FAE04EC0-301F-11D3-BF4B-00C04F79EFBC}") = "ICSharpCode.Core", "Source\Main\ICSharpCode.Core\ICSharpCode.Core.csproj", "{35CEF10F-2D4C-45F2-9DD1-161E0FEC583C}"
EndProject
Project("{FAE04EC0-301F-11D3-BF4B-00C04F79EFBC}") = "ICSharpCode.SharpDevelop", "Source\Main\ICSharpCode.SharpDevelop\ICSharpCode.SharpDevelop.csproj", "{2748AD25-9C63-4E12-877B-4DCE96FBED54}"
EndProject
Project("{FAE04EC0-301F-11D3-BF4B-00C04F79EFBC}") = "ICSharpCode.SharpDevelop.Widgets", "Source\Main\ICSharpCode.SharpDevelop.Widgets\ICSharpCode.SharpDevelop.Widgets.csproj", "{8035765F-D51F-4A0C-A746-2FD100E19419}"
EndProject
Project("{FAE04EC0-301F-11D3-BF4B-00C04F79EFBC}") = "ICSharpCode.SharpDevelop.Dom", "Source\Main\ICSharpCode.SharpDevelop.Dom\ICSharpCode.SharpDevelop.Dom.csproj", "{924EE450-603D-49C1-A8E5-4AFAA31CE6F3}"
EndProject
Project("{FAE04EC0-301F-11D3-BF4B-00C04F79EFBC}") = "ICSharpCode.Build.Tasks", "Source\Libraries\ICSharpCode.Build.Tasks\ICSharpCode.Build.Tasks.csproj", "{4139CCF6-FB49-4A9D-B2CF-331E9EA3198D}"
EndProject
Project("{FAE04EC0-301F-11D3-BF4B-00C04F79EFBC}") = "ICSharpCode.TextEditor", "Source\Libraries\ICSharpCode.TextEditor\ICSharpCode.TextEditor.csproj", "{2D18BE89-D210-49EB-A9DD-2246FBB3DF6D}"
EndProject
Project("{FAE04EC0-301F-11D3-BF4B-00C04F79EFBC}") = "ICSharpCode.NRefactory", "Source\Libraries\ICSharpCode.NRefactory\ICSharpCode.NRefactory.csproj", "{3A9AE6AA-BC07-4A2F-972C-581E3AE2F195}"
EndProject
Project("{FAE04EC0-301F-11D3-BF4B-00C04F79EFBC}") = "ICSharpCode.Docking", "Source\Libraries\ICSharpCode.Docking\ICSharpCode.Docking.csproj", "{C75532C4-765B-418E-B09B-46D36B2ABDB1}"
EndProject
Project("{FAE04EC0-301F-11D3-BF4B-00C04F79EFBC}") = "ICSharpCode.AddInManager", "Source\AddIns\ICSharpCode\AddInManager\ICSharpCode.AddInManager.csproj", "{F93E52FD-DA66-4CE5-A0CB-BCD902811122}"
EndProject
Project("{FAE04EC0-301F-11D3-BF4B-00C04F79EFBC}") = "ICSharpCode.CSharpBinding", "Source\AddIns\ICSharpCode\CSharpBinding\ICSharpCode.CSharpBinding.csproj", "{1F1AC7CD-D154-45BB-8EAF-804CA8055F5A}"
EndProject
Project("{FAE04EC0-301F-11D3-BF4B-00C04F79EFBC}") = "ICSharpCode.Debugger.Core", "Source\AddIns\ICSharpCode\Debugger.Core\ICSharpCode.Debugger.Core.csproj", "{1D18D788-F7EE-4585-A23B-34DC8EC63CB8}"
EndProject
Project("{FAE04EC0-301F-11D3-BF4B-00C04F79EFBC}") = "ICSharpCode.Debugger.AddIn", "Source\AddIns\ICSharpCode\Debugger.AddIn\ICSharpCode.Debugger.AddIn.csproj", "{EC06F96A-AEEC-49D6-B03D-AB87C6EB674C}"
EndProject
Project("{FAE04EC0-301F-11D3-BF4B-00C04F79EFBC}") = "ICSharpCode.FiletypeRegisterer", "Source\AddIns\ICSharpCode\FiletypeRegisterer\ICSharpCode.FiletypeRegisterer.csproj", "{D022A6CE-7438-41E8-AC64-F2DE18EC54C6}"
EndProject
Project("{FAE04EC0-301F-11D3-BF4B-00C04F79EFBC}") = "ICSharpCode.FormsDesigner", "Source\AddIns\ICSharpCode\FormsDesigner\ICSharpCode.FormsDesigner.csproj", "{7D7E92DF-ACEB-4B69-92C8-8AC7A703CD57}"
EndProject
Project("{FAE04EC0-301F-11D3-BF4B-00C04F79EFBC}") = "ICSharpCode.ResourceEditor", "Source\AddIns\ICSharpCode\ResourceEditor\ICSharpCode.ResourceEditor.csproj", "{CBC6C247-747B-4908-B09A-4D2E0F640B6B}"
EndProject
Project("{FAE04EC0-301F-11D3-BF4B-00C04F79EFBC}") = "ICSharpCode.SharpRefactoring", "Source\AddIns\ICSharpCode\SharpRefactoring\ICSharpCode.SharpRefactoring.csproj", "{3CA90546-3B4C-4663-9445-C4E9371750A7}"
EndProject
Project("{FAE04EC0-301F-11D3-BF4B-00C04F79EFBC}") = "ICSharpCode.VBNetBinding", "Source\AddIns\ICSharpCode\VBNetBinding\ICSharpCode.VBNetBinding.csproj", "{BF38FB72-B380-4196-AF8C-95749D726C61}"
EndProject
Project("{FAE04EC0-301F-11D3-BF4B-00C04F79EFBC}") = "ICSharpCode.XmlEditor", "Source\AddIns\ICSharpCode\XmlEditor\ICSharpCode.XmlEditor.csproj", "{6B717BD1-CD5E-498C-A42E-9E6A4584DC48}"
EndProject
Project("{FAE04EC0-301F-11D3-BF4B-00C04F79EFBC}") = "ICSharpCode.CodeEditor", "Source\AddIns\ICSharpCode\CodeEditor\ICSharpCode.CodeEditor.csproj", "{9196DD8A-B4D4-4780-8742-C5762E547FC2}"
EndProject
Project("{2150E333-8FDC-42A3-9474-1A3956D46DE8}") = "Sandcastle", "Sandcastle", "{192698B3-4CED-4346-AC41-1B086D6AFF76}"
EndProject
Project("{FAE04EC0-301F-11D3-BF4B-00C04F79EFBC}") = "Sandcastle.Workshop", "Source\Sandcastle\Workshop\Sandcastle.Workshop.csproj", "{284B9B55-CF98-4A0B-8B6E-EFD499403515}"
EndProject
Project("{FAE04EC0-301F-11D3-BF4B-00C04F79EFBC}") = "Sandcastle.Workshop.Builders", "Source\Sandcastle\Workshop.Builders\Sandcastle.Workshop.Builders.csproj", "{6DC6EB37-52C1-4B9D-B396-1EB6132558B1}"
EndProject
Project("{FAE04EC0-301F-11D3-BF4B-00C04F79EFBC}") = "Sandcastle.Workshop.Tools", "Source\Sandcastle\Workshop.Tools\Sandcastle.Workshop.Tools.csproj", "{2FB66400-0FA8-44C1-BE62-C1779583DDE0}"
EndProject
Project("{FAE04EC0-301F-11D3-BF4B-00C04F79EFBC}") = "ICSharpCode.Controls", "Source\Libraries\ICSharpCode.Controls\ICSharpCode.Controls.csproj", "{E73BB233-D88B-44A7-A98F-D71EE158381D}"
EndProject
Global
	GlobalSection(TeamFoundationVersionControl) = preSolution
		SccNumberOfProjects = 28
		SccEnterpriseProvider = {4CA58AB2-18FA-4F8D-95D4-32DDF27D184C}
		SccTeamFoundationServer = https://tfs06.codeplex.com/
		SccLocalPath0 = .
		SccProjectUniqueName1 = Source\\Main\\ICSharpCode.StartUp\\ICSharpCode.StartUp.csproj
		SccProjectTopLevelParentUniqueName1 = SandcastleWorkshop.sln
		SccProjectName1 = Source/Main/ICSharpCode.StartUp
		SccLocalPath1 = Source\\Main\\ICSharpCode.StartUp
		SccProjectUniqueName2 = Source\\Main\\ICSharpCode.Core\\ICSharpCode.Core.csproj
		SccProjectTopLevelParentUniqueName2 = SandcastleWorkshop.sln
		SccProjectName2 = Source/Main/ICSharpCode.Core
		SccLocalPath2 = Source\\Main\\ICSharpCode.Core
		SccProjectUniqueName3 = Source\\Main\\ICSharpCode.SharpDevelop\\ICSharpCode.SharpDevelop.csproj
		SccProjectTopLevelParentUniqueName3 = SandcastleWorkshop.sln
		SccProjectName3 = Source/Main/ICSharpCode.SharpDevelop
		SccLocalPath3 = Source\\Main\\ICSharpCode.SharpDevelop
		SccProjectUniqueName4 = Source\\Main\\ICSharpCode.SharpDevelop.Widgets\\ICSharpCode.SharpDevelop.Widgets.csproj
		SccProjectTopLevelParentUniqueName4 = SandcastleWorkshop.sln
		SccProjectName4 = Source/Main/ICSharpCode.SharpDevelop.Widgets
		SccLocalPath4 = Source\\Main\\ICSharpCode.SharpDevelop.Widgets
		SccProjectUniqueName5 = Source\\Main\\ICSharpCode.SharpDevelop.Dom\\ICSharpCode.SharpDevelop.Dom.csproj
		SccProjectTopLevelParentUniqueName5 = SandcastleWorkshop.sln
		SccProjectName5 = Source/Main/ICSharpCode.SharpDevelop.Dom
		SccLocalPath5 = Source\\Main\\ICSharpCode.SharpDevelop.Dom
		SccProjectUniqueName6 = Source\\Libraries\\ICSharpCode.Build.Tasks\\ICSharpCode.Build.Tasks.csproj
		SccProjectTopLevelParentUniqueName6 = SandcastleWorkshop.sln
		SccProjectName6 = Source/Libraries/ICSharpCode.Build.Tasks
		SccLocalPath6 = Source\\Libraries\\ICSharpCode.Build.Tasks
		SccProjectUniqueName7 = Source\\Libraries\\ICSharpCode.TextEditor\\ICSharpCode.TextEditor.csproj
		SccProjectTopLevelParentUniqueName7 = SandcastleWorkshop.sln
		SccProjectName7 = Source/Libraries/ICSharpCode.TextEditor
		SccLocalPath7 = Source\\Libraries\\ICSharpCode.TextEditor
		SccProjectUniqueName8 = Source\\Libraries\\ICSharpCode.NRefactory\\ICSharpCode.NRefactory.csproj
		SccProjectTopLevelParentUniqueName8 = SandcastleWorkshop.sln
		SccProjectName8 = Source/Libraries/ICSharpCode.NRefactory
		SccLocalPath8 = Source\\Libraries\\ICSharpCode.NRefactory
		SccProjectUniqueName9 = Source\\Libraries\\ICSharpCode.Docking\\ICSharpCode.Docking.csproj
		SccProjectTopLevelParentUniqueName9 = SandcastleWorkshop.sln
		SccProjectName9 = Source/Libraries/ICSharpCode.Docking
		SccLocalPath9 = Source\\Libraries\\ICSharpCode.Docking
		SccProjectUniqueName10 = Source\\AddIns\\ICSharpCode\\AddInManager\\ICSharpCode.AddInManager.csproj
		SccProjectTopLevelParentUniqueName10 = SandcastleWorkshop.sln
		SccProjectName10 = Source/AddIns/ICSharpCode/AddInManager
		SccLocalPath10 = Source\\AddIns\\ICSharpCode\\AddInManager
		SccProjectUniqueName11 = Source\\AddIns\\ICSharpCode\\CSharpBinding\\ICSharpCode.CSharpBinding.csproj
		SccProjectTopLevelParentUniqueName11 = SandcastleWorkshop.sln
		SccProjectName11 = Source/AddIns/ICSharpCode/CSharpBinding
		SccLocalPath11 = Source\\AddIns\\ICSharpCode\\CSharpBinding
		SccProjectUniqueName12 = Source\\AddIns\\ICSharpCode\\Debugger.Core\\ICSharpCode.Debugger.Core.csproj
		SccProjectTopLevelParentUniqueName12 = SandcastleWorkshop.sln
		SccProjectName12 = Source/AddIns/ICSharpCode/Debugger.Core
		SccLocalPath12 = Source\\AddIns\\ICSharpCode\\Debugger.Core
		SccProjectUniqueName13 = Source\\AddIns\\ICSharpCode\\Debugger.AddIn\\ICSharpCode.Debugger.AddIn.csproj
		SccProjectTopLevelParentUniqueName13 = SandcastleWorkshop.sln
		SccProjectName13 = Source/AddIns/ICSharpCode/Debugger.AddIn
		SccLocalPath13 = Source\\AddIns\\ICSharpCode\\Debugger.AddIn
		SccProjectUniqueName14 = Source\\AddIns\\ICSharpCode\\FiletypeRegisterer\\ICSharpCode.FiletypeRegisterer.csproj
		SccProjectTopLevelParentUniqueName14 = SandcastleWorkshop.sln
		SccProjectName14 = Source/AddIns/ICSharpCode/FiletypeRegisterer
		SccLocalPath14 = Source\\AddIns\\ICSharpCode\\FiletypeRegisterer
		SccProjectUniqueName15 = Source\\AddIns\\ICSharpCode\\FormsDesigner\\ICSharpCode.FormsDesigner.csproj
		SccProjectTopLevelParentUniqueName15 = SandcastleWorkshop.sln
		SccProjectName15 = Source/AddIns/ICSharpCode/FormsDesigner
		SccLocalPath15 = Source\\AddIns\\ICSharpCode\\FormsDesigner
		SccProjectUniqueName16 = Source\\AddIns\\ICSharpCode\\ResourceEditor\\ICSharpCode.ResourceEditor.csproj
		SccProjectTopLevelParentUniqueName16 = SandcastleWorkshop.sln
		SccProjectName16 = Source/AddIns/ICSharpCode/ResourceEditor
		SccLocalPath16 = Source\\AddIns\\ICSharpCode\\ResourceEditor
		SccProjectUniqueName17 = Source\\AddIns\\ICSharpCode\\SharpRefactoring\\ICSharpCode.SharpRefactoring.csproj
		SccProjectTopLevelParentUniqueName17 = SandcastleWorkshop.sln
		SccProjectName17 = Source/AddIns/ICSharpCode/SharpRefactoring
		SccLocalPath17 = Source\\AddIns\\ICSharpCode\\SharpRefactoring
		SccProjectUniqueName18 = Source\\AddIns\\ICSharpCode\\VBNetBinding\\ICSharpCode.VBNetBinding.csproj
		SccProjectTopLevelParentUniqueName18 = SandcastleWorkshop.sln
		SccProjectName18 = Source/AddIns/ICSharpCode/VBNetBinding
		SccLocalPath18 = Source\\AddIns\\ICSharpCode\\VBNetBinding
		SccProjectUniqueName19 = Source\\AddIns\\ICSharpCode\\XmlEditor\\ICSharpCode.XmlEditor.csproj
		SccProjectTopLevelParentUniqueName19 = SandcastleWorkshop.sln
		SccProjectName19 = Source/AddIns/ICSharpCode/XmlEditor
		SccLocalPath19 = Source\\AddIns\\ICSharpCode\\XmlEditor
		SccProjectUniqueName20 = Source\\AddIns\\ICSharpCode\\CodeEditor\\ICSharpCode.CodeEditor.csproj
		SccProjectTopLevelParentUniqueName20 = SandcastleWorkshop.sln
		SccProjectName20 = Source/AddIns/ICSharpCode/CodeEditor
		SccLocalPath20 = Source\\AddIns\\ICSharpCode\\CodeEditor
		SccProjectUniqueName21 = Source\\Sandcastle\\Workshop\\Sandcastle.Workshop.csproj
		SccProjectTopLevelParentUniqueName21 = SandcastleWorkshop.sln
		SccProjectName21 = Source/Sandcastle/Workshop
		SccLocalPath21 = Source\\Sandcastle\\Workshop
		SccProjectUniqueName22 = Source\\Sandcastle\\Workshop.Builders\\Sandcastle.Workshop.Builders.csproj
		SccProjectTopLevelParentUniqueName22 = SandcastleWorkshop.sln
		SccProjectName22 = Source/Sandcastle/Workshop.Builders
		SccLocalPath22 = Source\\Sandcastle\\Workshop.Builders
		SccProjectUniqueName23 = Source\\Sandcastle\\Workshop.Tools\\Sandcastle.Workshop.Tools.csproj
		SccProjectTopLevelParentUniqueName23 = SandcastleWorkshop.sln
		SccProjectName23 = Source/Sandcastle/Workshop.Tools
		SccLocalPath23 = Source\\Sandcastle\\Workshop.Tools
		SccProjectUniqueName24 = Source\\Libraries\\ICSharpCode.Controls\\ICSharpCode.Controls.csproj
		SccProjectTopLevelParentUniqueName24 = SandcastleWorkshop.sln
		SccProjectName24 = Source/Libraries/ICSharpCode.Controls
		SccLocalPath24 = Source\\Libraries\\ICSharpCode.Controls
		SccProjectUniqueName25 = Source\\Main\\ICSharpCode.Core.WinForms\\ICSharpCode.Core.WinForms.csproj
		SccProjectTopLevelParentUniqueName25 = SandcastleWorkshop.sln
		SccProjectName25 = Source/Main/ICSharpCode.Core.WinForms
		SccLocalPath25 = Source\\Main\\ICSharpCode.Core.WinForms
		SccProjectUniqueName26 = Source\\Main\\ICSharpCode.SharpDevelop.Sda\\ICSharpCode.SharpDevelop.Sda.csproj
		SccProjectTopLevelParentUniqueName26 = SandcastleWorkshop.sln
		SccProjectName26 = Source/Main/ICSharpCode.SharpDevelop.Sda
		SccLocalPath26 = Source\\Main\\ICSharpCode.SharpDevelop.Sda
		SccProjectUniqueName27 = Source\\Main\\ICSharpCode.SharpDevelop.BuildWorker\\ICSharpCode.SharpDevelop.BuildWorker.csproj
		SccProjectTopLevelParentUniqueName27 = SandcastleWorkshop.sln
		SccProjectName27 = Source/Main/ICSharpCode.SharpDevelop.BuildWorker
		SccLocalPath27 = Source\\Main\\ICSharpCode.SharpDevelop.BuildWorker
	EndGlobalSection
	GlobalSection(SolutionConfigurationPlatforms) = preSolution
		Debug|Any CPU = Debug|Any CPU
		Release|Any CPU = Release|Any CPU
	EndGlobalSection
	GlobalSection(ProjectConfigurationPlatforms) = postSolution
		{857CA1A3-FC88-4BE0-AB6A-D1EE772AB288}.Debug|Any CPU.ActiveCfg = Debug|Any CPU
		{857CA1A3-FC88-4BE0-AB6A-D1EE772AB288}.Debug|Any CPU.Build.0 = Debug|Any CPU
		{857CA1A3-FC88-4BE0-AB6A-D1EE772AB288}.Release|Any CPU.ActiveCfg = Release|Any CPU
		{857CA1A3-FC88-4BE0-AB6A-D1EE772AB288}.Release|Any CPU.Build.0 = Release|Any CPU
		{80318B5F-A25D-45AB-8A95-EF31D2370A4C}.Debug|Any CPU.ActiveCfg = Debug|Any CPU
		{80318B5F-A25D-45AB-8A95-EF31D2370A4C}.Debug|Any CPU.Build.0 = Debug|Any CPU
		{80318B5F-A25D-45AB-8A95-EF31D2370A4C}.Release|Any CPU.ActiveCfg = Release|Any CPU
		{80318B5F-A25D-45AB-8A95-EF31D2370A4C}.Release|Any CPU.Build.0 = Release|Any CPU
		{C3CBC8E3-81D8-4C5B-9941-DCCD12D50B1F}.Debug|Any CPU.ActiveCfg = Debug|Any CPU
		{C3CBC8E3-81D8-4C5B-9941-DCCD12D50B1F}.Debug|Any CPU.Build.0 = Debug|Any CPU
		{C3CBC8E3-81D8-4C5B-9941-DCCD12D50B1F}.Release|Any CPU.ActiveCfg = Release|Any CPU
		{C3CBC8E3-81D8-4C5B-9941-DCCD12D50B1F}.Release|Any CPU.Build.0 = Release|Any CPU
		{1152B71B-3C05-4598-B20D-823B5D40559E}.Debug|Any CPU.ActiveCfg = Debug|Any CPU
		{1152B71B-3C05-4598-B20D-823B5D40559E}.Debug|Any CPU.Build.0 = Debug|Any CPU
		{1152B71B-3C05-4598-B20D-823B5D40559E}.Release|Any CPU.ActiveCfg = Release|Any CPU
		{1152B71B-3C05-4598-B20D-823B5D40559E}.Release|Any CPU.Build.0 = Release|Any CPU
		{35CEF10F-2D4C-45F2-9DD1-161E0FEC583C}.Debug|Any CPU.ActiveCfg = Debug|Any CPU
		{35CEF10F-2D4C-45F2-9DD1-161E0FEC583C}.Debug|Any CPU.Build.0 = Debug|Any CPU
		{35CEF10F-2D4C-45F2-9DD1-161E0FEC583C}.Release|Any CPU.ActiveCfg = Release|Any CPU
		{35CEF10F-2D4C-45F2-9DD1-161E0FEC583C}.Release|Any CPU.Build.0 = Release|Any CPU
		{2748AD25-9C63-4E12-877B-4DCE96FBED54}.Debug|Any CPU.ActiveCfg = Debug|Any CPU
		{2748AD25-9C63-4E12-877B-4DCE96FBED54}.Debug|Any CPU.Build.0 = Debug|Any CPU
		{2748AD25-9C63-4E12-877B-4DCE96FBED54}.Release|Any CPU.ActiveCfg = Release|Any CPU
		{2748AD25-9C63-4E12-877B-4DCE96FBED54}.Release|Any CPU.Build.0 = Release|Any CPU
		{8035765F-D51F-4A0C-A746-2FD100E19419}.Debug|Any CPU.ActiveCfg = Debug|Any CPU
		{8035765F-D51F-4A0C-A746-2FD100E19419}.Debug|Any CPU.Build.0 = Debug|Any CPU
		{8035765F-D51F-4A0C-A746-2FD100E19419}.Release|Any CPU.ActiveCfg = Release|Any CPU
		{8035765F-D51F-4A0C-A746-2FD100E19419}.Release|Any CPU.Build.0 = Release|Any CPU
		{924EE450-603D-49C1-A8E5-4AFAA31CE6F3}.Debug|Any CPU.ActiveCfg = Debug|Any CPU
		{924EE450-603D-49C1-A8E5-4AFAA31CE6F3}.Debug|Any CPU.Build.0 = Debug|Any CPU
		{924EE450-603D-49C1-A8E5-4AFAA31CE6F3}.Release|Any CPU.ActiveCfg = Release|Any CPU
		{924EE450-603D-49C1-A8E5-4AFAA31CE6F3}.Release|Any CPU.Build.0 = Release|Any CPU
		{4139CCF6-FB49-4A9D-B2CF-331E9EA3198D}.Debug|Any CPU.ActiveCfg = Debug|Any CPU
		{4139CCF6-FB49-4A9D-B2CF-331E9EA3198D}.Debug|Any CPU.Build.0 = Debug|Any CPU
		{4139CCF6-FB49-4A9D-B2CF-331E9EA3198D}.Release|Any CPU.ActiveCfg = Release|Any CPU
		{4139CCF6-FB49-4A9D-B2CF-331E9EA3198D}.Release|Any CPU.Build.0 = Release|Any CPU
		{2D18BE89-D210-49EB-A9DD-2246FBB3DF6D}.Debug|Any CPU.ActiveCfg = Debug|Any CPU
		{2D18BE89-D210-49EB-A9DD-2246FBB3DF6D}.Debug|Any CPU.Build.0 = Debug|Any CPU
		{2D18BE89-D210-49EB-A9DD-2246FBB3DF6D}.Release|Any CPU.ActiveCfg = Release|Any CPU
		{2D18BE89-D210-49EB-A9DD-2246FBB3DF6D}.Release|Any CPU.Build.0 = Release|Any CPU
		{3A9AE6AA-BC07-4A2F-972C-581E3AE2F195}.Debug|Any CPU.ActiveCfg = Debug|Any CPU
		{3A9AE6AA-BC07-4A2F-972C-581E3AE2F195}.Debug|Any CPU.Build.0 = Debug|Any CPU
		{3A9AE6AA-BC07-4A2F-972C-581E3AE2F195}.Release|Any CPU.ActiveCfg = Release|Any CPU
		{3A9AE6AA-BC07-4A2F-972C-581E3AE2F195}.Release|Any CPU.Build.0 = Release|Any CPU
		{C75532C4-765B-418E-B09B-46D36B2ABDB1}.Debug|Any CPU.ActiveCfg = Debug|Any CPU
		{C75532C4-765B-418E-B09B-46D36B2ABDB1}.Debug|Any CPU.Build.0 = Debug|Any CPU
		{C75532C4-765B-418E-B09B-46D36B2ABDB1}.Release|Any CPU.ActiveCfg = Release|Any CPU
		{C75532C4-765B-418E-B09B-46D36B2ABDB1}.Release|Any CPU.Build.0 = Release|Any CPU
		{F93E52FD-DA66-4CE5-A0CB-BCD902811122}.Debug|Any CPU.ActiveCfg = Debug|Any CPU
		{F93E52FD-DA66-4CE5-A0CB-BCD902811122}.Debug|Any CPU.Build.0 = Debug|Any CPU
		{F93E52FD-DA66-4CE5-A0CB-BCD902811122}.Release|Any CPU.ActiveCfg = Release|Any CPU
		{F93E52FD-DA66-4CE5-A0CB-BCD902811122}.Release|Any CPU.Build.0 = Release|Any CPU
		{1F1AC7CD-D154-45BB-8EAF-804CA8055F5A}.Debug|Any CPU.ActiveCfg = Debug|Any CPU
		{1F1AC7CD-D154-45BB-8EAF-804CA8055F5A}.Debug|Any CPU.Build.0 = Debug|Any CPU
		{1F1AC7CD-D154-45BB-8EAF-804CA8055F5A}.Release|Any CPU.ActiveCfg = Release|Any CPU
		{1F1AC7CD-D154-45BB-8EAF-804CA8055F5A}.Release|Any CPU.Build.0 = Release|Any CPU
		{1D18D788-F7EE-4585-A23B-34DC8EC63CB8}.Debug|Any CPU.ActiveCfg = Debug|Any CPU
		{1D18D788-F7EE-4585-A23B-34DC8EC63CB8}.Debug|Any CPU.Build.0 = Debug|Any CPU
		{1D18D788-F7EE-4585-A23B-34DC8EC63CB8}.Release|Any CPU.ActiveCfg = Release|Any CPU
		{1D18D788-F7EE-4585-A23B-34DC8EC63CB8}.Release|Any CPU.Build.0 = Release|Any CPU
		{EC06F96A-AEEC-49D6-B03D-AB87C6EB674C}.Debug|Any CPU.ActiveCfg = Debug|Any CPU
		{EC06F96A-AEEC-49D6-B03D-AB87C6EB674C}.Debug|Any CPU.Build.0 = Debug|Any CPU
		{EC06F96A-AEEC-49D6-B03D-AB87C6EB674C}.Release|Any CPU.ActiveCfg = Release|Any CPU
		{EC06F96A-AEEC-49D6-B03D-AB87C6EB674C}.Release|Any CPU.Build.0 = Release|Any CPU
		{D022A6CE-7438-41E8-AC64-F2DE18EC54C6}.Debug|Any CPU.ActiveCfg = Debug|Any CPU
		{D022A6CE-7438-41E8-AC64-F2DE18EC54C6}.Debug|Any CPU.Build.0 = Debug|Any CPU
		{D022A6CE-7438-41E8-AC64-F2DE18EC54C6}.Release|Any CPU.ActiveCfg = Release|Any CPU
		{D022A6CE-7438-41E8-AC64-F2DE18EC54C6}.Release|Any CPU.Build.0 = Release|Any CPU
		{7D7E92DF-ACEB-4B69-92C8-8AC7A703CD57}.Debug|Any CPU.ActiveCfg = Debug|Any CPU
		{7D7E92DF-ACEB-4B69-92C8-8AC7A703CD57}.Debug|Any CPU.Build.0 = Debug|Any CPU
		{7D7E92DF-ACEB-4B69-92C8-8AC7A703CD57}.Release|Any CPU.ActiveCfg = Release|Any CPU
		{7D7E92DF-ACEB-4B69-92C8-8AC7A703CD57}.Release|Any CPU.Build.0 = Release|Any CPU
		{CBC6C247-747B-4908-B09A-4D2E0F640B6B}.Debug|Any CPU.ActiveCfg = Debug|Any CPU
		{CBC6C247-747B-4908-B09A-4D2E0F640B6B}.Debug|Any CPU.Build.0 = Debug|Any CPU
		{CBC6C247-747B-4908-B09A-4D2E0F640B6B}.Release|Any CPU.ActiveCfg = Release|Any CPU
		{CBC6C247-747B-4908-B09A-4D2E0F640B6B}.Release|Any CPU.Build.0 = Release|Any CPU
		{3CA90546-3B4C-4663-9445-C4E9371750A7}.Debug|Any CPU.ActiveCfg = Debug|Any CPU
		{3CA90546-3B4C-4663-9445-C4E9371750A7}.Debug|Any CPU.Build.0 = Debug|Any CPU
		{3CA90546-3B4C-4663-9445-C4E9371750A7}.Release|Any CPU.ActiveCfg = Release|Any CPU
		{3CA90546-3B4C-4663-9445-C4E9371750A7}.Release|Any CPU.Build.0 = Release|Any CPU
		{BF38FB72-B380-4196-AF8C-95749D726C61}.Debug|Any CPU.ActiveCfg = Debug|Any CPU
		{BF38FB72-B380-4196-AF8C-95749D726C61}.Debug|Any CPU.Build.0 = Debug|Any CPU
		{BF38FB72-B380-4196-AF8C-95749D726C61}.Release|Any CPU.ActiveCfg = Release|Any CPU
		{BF38FB72-B380-4196-AF8C-95749D726C61}.Release|Any CPU.Build.0 = Release|Any CPU
		{6B717BD1-CD5E-498C-A42E-9E6A4584DC48}.Debug|Any CPU.ActiveCfg = Debug|Any CPU
		{6B717BD1-CD5E-498C-A42E-9E6A4584DC48}.Debug|Any CPU.Build.0 = Debug|Any CPU
		{6B717BD1-CD5E-498C-A42E-9E6A4584DC48}.Release|Any CPU.ActiveCfg = Release|Any CPU
		{6B717BD1-CD5E-498C-A42E-9E6A4584DC48}.Release|Any CPU.Build.0 = Release|Any CPU
		{9196DD8A-B4D4-4780-8742-C5762E547FC2}.Debug|Any CPU.ActiveCfg = Debug|Any CPU
		{9196DD8A-B4D4-4780-8742-C5762E547FC2}.Debug|Any CPU.Build.0 = Debug|Any CPU
		{9196DD8A-B4D4-4780-8742-C5762E547FC2}.Release|Any CPU.ActiveCfg = Release|Any CPU
		{9196DD8A-B4D4-4780-8742-C5762E547FC2}.Release|Any CPU.Build.0 = Release|Any CPU
		{284B9B55-CF98-4A0B-8B6E-EFD499403515}.Debug|Any CPU.ActiveCfg = Debug|Any CPU
		{284B9B55-CF98-4A0B-8B6E-EFD499403515}.Debug|Any CPU.Build.0 = Debug|Any CPU
		{284B9B55-CF98-4A0B-8B6E-EFD499403515}.Release|Any CPU.ActiveCfg = Release|Any CPU
		{284B9B55-CF98-4A0B-8B6E-EFD499403515}.Release|Any CPU.Build.0 = Release|Any CPU
		{6DC6EB37-52C1-4B9D-B396-1EB6132558B1}.Debug|Any CPU.ActiveCfg = Debug|Any CPU
		{6DC6EB37-52C1-4B9D-B396-1EB6132558B1}.Debug|Any CPU.Build.0 = Debug|Any CPU
		{6DC6EB37-52C1-4B9D-B396-1EB6132558B1}.Release|Any CPU.ActiveCfg = Release|Any CPU
		{6DC6EB37-52C1-4B9D-B396-1EB6132558B1}.Release|Any CPU.Build.0 = Release|Any CPU
		{2FB66400-0FA8-44C1-BE62-C1779583DDE0}.Debug|Any CPU.ActiveCfg = Debug|Any CPU
		{2FB66400-0FA8-44C1-BE62-C1779583DDE0}.Debug|Any CPU.Build.0 = Debug|Any CPU
		{2FB66400-0FA8-44C1-BE62-C1779583DDE0}.Release|Any CPU.ActiveCfg = Release|Any CPU
		{2FB66400-0FA8-44C1-BE62-C1779583DDE0}.Release|Any CPU.Build.0 = Release|Any CPU
		{E73BB233-D88B-44A7-A98F-D71EE158381D}.Debug|Any CPU.ActiveCfg = Debug|Any CPU
		{E73BB233-D88B-44A7-A98F-D71EE158381D}.Debug|Any CPU.Build.0 = Debug|Any CPU
		{E73BB233-D88B-44A7-A98F-D71EE158381D}.Release|Any CPU.ActiveCfg = Release|Any CPU
		{E73BB233-D88B-44A7-A98F-D71EE158381D}.Release|Any CPU.Build.0 = Release|Any CPU
	EndGlobalSection
	GlobalSection(SolutionProperties) = preSolution
		HideSolutionNode = FALSE
	EndGlobalSection
	GlobalSection(NestedProjects) = preSolution
		{F93E52FD-DA66-4CE5-A0CB-BCD902811122} = {14A277EE-7DF1-4529-B639-7D1EF334C1C5}
		{1F1AC7CD-D154-45BB-8EAF-804CA8055F5A} = {14A277EE-7DF1-4529-B639-7D1EF334C1C5}
		{1D18D788-F7EE-4585-A23B-34DC8EC63CB8} = {14A277EE-7DF1-4529-B639-7D1EF334C1C5}
		{EC06F96A-AEEC-49D6-B03D-AB87C6EB674C} = {14A277EE-7DF1-4529-B639-7D1EF334C1C5}
		{D022A6CE-7438-41E8-AC64-F2DE18EC54C6} = {14A277EE-7DF1-4529-B639-7D1EF334C1C5}
		{7D7E92DF-ACEB-4B69-92C8-8AC7A703CD57} = {14A277EE-7DF1-4529-B639-7D1EF334C1C5}
		{CBC6C247-747B-4908-B09A-4D2E0F640B6B} = {14A277EE-7DF1-4529-B639-7D1EF334C1C5}
		{3CA90546-3B4C-4663-9445-C4E9371750A7} = {14A277EE-7DF1-4529-B639-7D1EF334C1C5}
		{BF38FB72-B380-4196-AF8C-95749D726C61} = {14A277EE-7DF1-4529-B639-7D1EF334C1C5}
		{6B717BD1-CD5E-498C-A42E-9E6A4584DC48} = {14A277EE-7DF1-4529-B639-7D1EF334C1C5}
		{9196DD8A-B4D4-4780-8742-C5762E547FC2} = {14A277EE-7DF1-4529-B639-7D1EF334C1C5}
		{4139CCF6-FB49-4A9D-B2CF-331E9EA3198D} = {9421EDF4-9769-4BE9-B5A6-C87DE221D73C}
		{2D18BE89-D210-49EB-A9DD-2246FBB3DF6D} = {9421EDF4-9769-4BE9-B5A6-C87DE221D73C}
		{3A9AE6AA-BC07-4A2F-972C-581E3AE2F195} = {9421EDF4-9769-4BE9-B5A6-C87DE221D73C}
		{C75532C4-765B-418E-B09B-46D36B2ABDB1} = {9421EDF4-9769-4BE9-B5A6-C87DE221D73C}
		{E73BB233-D88B-44A7-A98F-D71EE158381D} = {9421EDF4-9769-4BE9-B5A6-C87DE221D73C}
		{857CA1A3-FC88-4BE0-AB6A-D1EE772AB288} = {5A3EBEBA-0560-41C1-966B-23F7D03A5486}
		{80318B5F-A25D-45AB-8A95-EF31D2370A4C} = {5A3EBEBA-0560-41C1-966B-23F7D03A5486}
		{C3CBC8E3-81D8-4C5B-9941-DCCD12D50B1F} = {5A3EBEBA-0560-41C1-966B-23F7D03A5486}
		{1152B71B-3C05-4598-B20D-823B5D40559E} = {5A3EBEBA-0560-41C1-966B-23F7D03A5486}
		{35CEF10F-2D4C-45F2-9DD1-161E0FEC583C} = {5A3EBEBA-0560-41C1-966B-23F7D03A5486}
		{2748AD25-9C63-4E12-877B-4DCE96FBED54} = {5A3EBEBA-0560-41C1-966B-23F7D03A5486}
		{8035765F-D51F-4A0C-A746-2FD100E19419} = {5A3EBEBA-0560-41C1-966B-23F7D03A5486}
		{924EE450-603D-49C1-A8E5-4AFAA31CE6F3} = {5A3EBEBA-0560-41C1-966B-23F7D03A5486}
		{284B9B55-CF98-4A0B-8B6E-EFD499403515} = {192698B3-4CED-4346-AC41-1B086D6AFF76}
		{6DC6EB37-52C1-4B9D-B396-1EB6132558B1} = {192698B3-4CED-4346-AC41-1B086D6AFF76}
		{2FB66400-0FA8-44C1-BE62-C1779583DDE0} = {192698B3-4CED-4346-AC41-1B086D6AFF76}
	EndGlobalSection
EndGlobal
