
Microsoft Visual Studio Solution File, Format Version 10.00
# Visual Studio 2008
Project("{2150E333-8FDC-42A3-9474-1A3956D46DE8}") = "Solution Items", "Solution Items", "{E1A235EF-7650-4D8E-83DE-607EE6386B23}"
	ProjectSection(SolutionItems) = preProject
		Sandcastle.Assist.snk = Sandcastle.Assist.snk
	EndProjectSection
	ProjectSection(FolderStartupServices) = postProject
		{B4F97281-0DBD-4835-9ED8-7DFB966E87FF} = {B4F97281-0DBD-4835-9ED8-7DFB966E87FF}
	EndProjectSection
EndProject
Project("{FAE04EC0-301F-11D3-BF4B-00C04F79EFBC}") = "Builders", "Builders\Builders.csproj", "{858C1934-EA90-46F2-84EC-8D64CCC6904F}"
EndProject
Project("{FAE04EC0-301F-11D3-BF4B-00C04F79EFBC}") = "Components", "Components\Components.csproj", "{1F2EB9F1-1FE3-42F5-86BA-77EF369E11FE}"
EndProject
Project("{FAE04EC0-301F-11D3-BF4B-00C04F79EFBC}") = "Core", "Core\Core.csproj", "{CD2DA1CC-FAFC-4AEF-8520-BE469C5CEC27}"
EndProject
Project("{FAE04EC0-301F-11D3-BF4B-00C04F79EFBC}") = "Helpers", "Helpers\Helpers.csproj", "{048F177F-802E-494D-89E0-CD4074F8A33C}"
EndProject
Project("{FAE04EC0-301F-11D3-BF4B-00C04F79EFBC}") = "ReflectionData", "ReflectionData\ReflectionData.csproj", "{4172B9EE-DA8D-4060-8FA8-FBFDD240E6D0}"
EndProject
Project("{FAE04EC0-301F-11D3-BF4B-00C04F79EFBC}") = "Construction", "Construction\Construction.csproj", "{B2012E7F-8F8D-4908-8045-413F2BD1022D}"
EndProject
Project("{FAE04EC0-301F-11D3-BF4B-00C04F79EFBC}") = "BuildAssembler", "BuildAssembler\BuildAssembler.csproj", "{399E78F8-4954-409E-991A-37DA9D0579CC}"
EndProject
Project("{FAE04EC0-301F-11D3-BF4B-00C04F79EFBC}") = "Reflection", "Reflection\Reflection.csproj", "{74F5EB3F-DC99-4FBE-9495-EE378FC60F65}"
EndProject
Global
	GlobalSection(TeamFoundationVersionControl) = preSolution
		SccNumberOfProjects = 9
		SccEnterpriseProvider = {4CA58AB2-18FA-4F8D-95D4-32DDF27D184C}
		SccTeamFoundationServer = https://tfs.codeplex.com/tfs/TFS06
		SccLocalPath0 = .
		SccProjectUniqueName1 = Builders\\Builders.csproj
		SccProjectName1 = Builders
		SccLocalPath1 = Builders
		SccProjectUniqueName2 = Components\\Components.csproj
		SccProjectName2 = Components
		SccLocalPath2 = Components
		SccProjectUniqueName3 = Helpers\\Helpers.csproj
		SccProjectName3 = Helpers
		SccLocalPath3 = Helpers
		SccProjectUniqueName4 = Core\\Core.csproj
		SccProjectName4 = Core
		SccLocalPath4 = Core
		SccProjectUniqueName5 = ReflectionData\\ReflectionData.csproj
		SccProjectName5 = ReflectionData
		SccLocalPath5 = ReflectionData
		SccProjectUniqueName6 = Construction\\Construction.csproj
		SccProjectName6 = Construction
		SccLocalPath6 = Construction
		SccProjectUniqueName7 = BuildAssembler\\BuildAssembler.csproj
		SccProjectName7 = BuildAssembler
		SccLocalPath7 = BuildAssembler
		SccProjectUniqueName8 = Reflection\\Reflection.csproj
		SccProjectName8 = Reflection
		SccLocalPath8 = Reflection
	EndGlobalSection
	GlobalSection(SolutionConfigurationPlatforms) = preSolution
		Analysis|Any CPU = Analysis|Any CPU
		Debug|Any CPU = Debug|Any CPU
		Documentation|Any CPU = Documentation|Any CPU
		Release|Any CPU = Release|Any CPU
	EndGlobalSection
	GlobalSection(ProjectConfigurationPlatforms) = postSolution
		{858C1934-EA90-46F2-84EC-8D64CCC6904F}.Analysis|Any CPU.ActiveCfg = Analysis|Any CPU
		{858C1934-EA90-46F2-84EC-8D64CCC6904F}.Analysis|Any CPU.Build.0 = Analysis|Any CPU
		{858C1934-EA90-46F2-84EC-8D64CCC6904F}.Debug|Any CPU.ActiveCfg = Debug|Any CPU
		{858C1934-EA90-46F2-84EC-8D64CCC6904F}.Debug|Any CPU.Build.0 = Debug|Any CPU
		{858C1934-EA90-46F2-84EC-8D64CCC6904F}.Documentation|Any CPU.ActiveCfg = Documentation|Any CPU
		{858C1934-EA90-46F2-84EC-8D64CCC6904F}.Documentation|Any CPU.Build.0 = Documentation|Any CPU
		{858C1934-EA90-46F2-84EC-8D64CCC6904F}.Release|Any CPU.ActiveCfg = Release|Any CPU
		{858C1934-EA90-46F2-84EC-8D64CCC6904F}.Release|Any CPU.Build.0 = Release|Any CPU
		{1F2EB9F1-1FE3-42F5-86BA-77EF369E11FE}.Analysis|Any CPU.ActiveCfg = Analysis|Any CPU
		{1F2EB9F1-1FE3-42F5-86BA-77EF369E11FE}.Analysis|Any CPU.Build.0 = Analysis|Any CPU
		{1F2EB9F1-1FE3-42F5-86BA-77EF369E11FE}.Debug|Any CPU.ActiveCfg = Debug|Any CPU
		{1F2EB9F1-1FE3-42F5-86BA-77EF369E11FE}.Debug|Any CPU.Build.0 = Debug|Any CPU
		{1F2EB9F1-1FE3-42F5-86BA-77EF369E11FE}.Documentation|Any CPU.ActiveCfg = Documentation|Any CPU
		{1F2EB9F1-1FE3-42F5-86BA-77EF369E11FE}.Documentation|Any CPU.Build.0 = Documentation|Any CPU
		{1F2EB9F1-1FE3-42F5-86BA-77EF369E11FE}.Release|Any CPU.ActiveCfg = Release|Any CPU
		{1F2EB9F1-1FE3-42F5-86BA-77EF369E11FE}.Release|Any CPU.Build.0 = Release|Any CPU
		{CD2DA1CC-FAFC-4AEF-8520-BE469C5CEC27}.Analysis|Any CPU.ActiveCfg = Analysis|Any CPU
		{CD2DA1CC-FAFC-4AEF-8520-BE469C5CEC27}.Analysis|Any CPU.Build.0 = Analysis|Any CPU
		{CD2DA1CC-FAFC-4AEF-8520-BE469C5CEC27}.Debug|Any CPU.ActiveCfg = Debug|Any CPU
		{CD2DA1CC-FAFC-4AEF-8520-BE469C5CEC27}.Debug|Any CPU.Build.0 = Debug|Any CPU
		{CD2DA1CC-FAFC-4AEF-8520-BE469C5CEC27}.Documentation|Any CPU.ActiveCfg = Documentation|Any CPU
		{CD2DA1CC-FAFC-4AEF-8520-BE469C5CEC27}.Documentation|Any CPU.Build.0 = Documentation|Any CPU
		{CD2DA1CC-FAFC-4AEF-8520-BE469C5CEC27}.Release|Any CPU.ActiveCfg = Release|Any CPU
		{CD2DA1CC-FAFC-4AEF-8520-BE469C5CEC27}.Release|Any CPU.Build.0 = Release|Any CPU
		{048F177F-802E-494D-89E0-CD4074F8A33C}.Analysis|Any CPU.ActiveCfg = Analysis|Any CPU
		{048F177F-802E-494D-89E0-CD4074F8A33C}.Analysis|Any CPU.Build.0 = Analysis|Any CPU
		{048F177F-802E-494D-89E0-CD4074F8A33C}.Debug|Any CPU.ActiveCfg = Debug|Any CPU
		{048F177F-802E-494D-89E0-CD4074F8A33C}.Debug|Any CPU.Build.0 = Debug|Any CPU
		{048F177F-802E-494D-89E0-CD4074F8A33C}.Documentation|Any CPU.ActiveCfg = Documentation|Any CPU
		{048F177F-802E-494D-89E0-CD4074F8A33C}.Documentation|Any CPU.Build.0 = Documentation|Any CPU
		{048F177F-802E-494D-89E0-CD4074F8A33C}.Release|Any CPU.ActiveCfg = Release|Any CPU
		{048F177F-802E-494D-89E0-CD4074F8A33C}.Release|Any CPU.Build.0 = Release|Any CPU
		{4172B9EE-DA8D-4060-8FA8-FBFDD240E6D0}.Analysis|Any CPU.ActiveCfg = Documentation|Any CPU
		{4172B9EE-DA8D-4060-8FA8-FBFDD240E6D0}.Analysis|Any CPU.Build.0 = Documentation|Any CPU
		{4172B9EE-DA8D-4060-8FA8-FBFDD240E6D0}.Debug|Any CPU.ActiveCfg = Debug|Any CPU
		{4172B9EE-DA8D-4060-8FA8-FBFDD240E6D0}.Debug|Any CPU.Build.0 = Debug|Any CPU
		{4172B9EE-DA8D-4060-8FA8-FBFDD240E6D0}.Documentation|Any CPU.ActiveCfg = Documentation|Any CPU
		{4172B9EE-DA8D-4060-8FA8-FBFDD240E6D0}.Documentation|Any CPU.Build.0 = Documentation|Any CPU
		{4172B9EE-DA8D-4060-8FA8-FBFDD240E6D0}.Release|Any CPU.ActiveCfg = Release|Any CPU
		{4172B9EE-DA8D-4060-8FA8-FBFDD240E6D0}.Release|Any CPU.Build.0 = Release|Any CPU
		{B2012E7F-8F8D-4908-8045-413F2BD1022D}.Analysis|Any CPU.ActiveCfg = Documentation|Any CPU
		{B2012E7F-8F8D-4908-8045-413F2BD1022D}.Analysis|Any CPU.Build.0 = Documentation|Any CPU
		{B2012E7F-8F8D-4908-8045-413F2BD1022D}.Debug|Any CPU.ActiveCfg = Debug|Any CPU
		{B2012E7F-8F8D-4908-8045-413F2BD1022D}.Debug|Any CPU.Build.0 = Debug|Any CPU
		{B2012E7F-8F8D-4908-8045-413F2BD1022D}.Documentation|Any CPU.ActiveCfg = Documentation|Any CPU
		{B2012E7F-8F8D-4908-8045-413F2BD1022D}.Documentation|Any CPU.Build.0 = Documentation|Any CPU
		{B2012E7F-8F8D-4908-8045-413F2BD1022D}.Release|Any CPU.ActiveCfg = Release|Any CPU
		{B2012E7F-8F8D-4908-8045-413F2BD1022D}.Release|Any CPU.Build.0 = Release|Any CPU
		{399E78F8-4954-409E-991A-37DA9D0579CC}.Analysis|Any CPU.ActiveCfg = Documentation|Any CPU
		{399E78F8-4954-409E-991A-37DA9D0579CC}.Analysis|Any CPU.Build.0 = Documentation|Any CPU
		{399E78F8-4954-409E-991A-37DA9D0579CC}.Debug|Any CPU.ActiveCfg = Debug|Any CPU
		{399E78F8-4954-409E-991A-37DA9D0579CC}.Debug|Any CPU.Build.0 = Debug|Any CPU
		{399E78F8-4954-409E-991A-37DA9D0579CC}.Documentation|Any CPU.ActiveCfg = Documentation|Any CPU
		{399E78F8-4954-409E-991A-37DA9D0579CC}.Documentation|Any CPU.Build.0 = Documentation|Any CPU
		{399E78F8-4954-409E-991A-37DA9D0579CC}.Release|Any CPU.ActiveCfg = Release|Any CPU
		{399E78F8-4954-409E-991A-37DA9D0579CC}.Release|Any CPU.Build.0 = Release|Any CPU
		{74F5EB3F-DC99-4FBE-9495-EE378FC60F65}.Analysis|Any CPU.ActiveCfg = Documentation|Any CPU
		{74F5EB3F-DC99-4FBE-9495-EE378FC60F65}.Analysis|Any CPU.Build.0 = Documentation|Any CPU
		{74F5EB3F-DC99-4FBE-9495-EE378FC60F65}.Debug|Any CPU.ActiveCfg = Debug|Any CPU
		{74F5EB3F-DC99-4FBE-9495-EE378FC60F65}.Debug|Any CPU.Build.0 = Debug|Any CPU
		{74F5EB3F-DC99-4FBE-9495-EE378FC60F65}.Documentation|Any CPU.ActiveCfg = Documentation|Any CPU
		{74F5EB3F-DC99-4FBE-9495-EE378FC60F65}.Documentation|Any CPU.Build.0 = Documentation|Any CPU
		{74F5EB3F-DC99-4FBE-9495-EE378FC60F65}.Release|Any CPU.ActiveCfg = Release|Any CPU
		{74F5EB3F-DC99-4FBE-9495-EE378FC60F65}.Release|Any CPU.Build.0 = Release|Any CPU
	EndGlobalSection
	GlobalSection(SolutionProperties) = preSolution
		HideSolutionNode = FALSE
	EndGlobalSection
	GlobalSection(TextTemplating) = postSolution
		TextTemplating = 1
	EndGlobalSection
EndGlobal
